<?xml version="1.0" encoding="utf-8"?>
<Project ToolsVersion="4.0" xmlns="http://schemas.microsoft.com/developer/msbuild/2003">
  <ItemGroup>
    <Filter Include="system">
      <UniqueIdentifier>{22dd8095-74f9-46df-81a1-36675a040b1f}</UniqueIdentifier>
    </Filter>
    <Filter Include="Actor">
      <UniqueIdentifier>{c1507053-3e5f-4265-9174-617975673ee2}</UniqueIdentifier>
    </Filter>
    <Filter Include="Util">
      <UniqueIdentifier>{660abbd1-0c0f-474b-97e9-733c64f13cb2}</UniqueIdentifier>
    </Filter>
    <Filter Include="Json">
      <UniqueIdentifier>{9bc7f582-6f64-4ebe-904a-840258ecac58}</UniqueIdentifier>
    </Filter>
    <Filter Include="SceneLoader">
      <UniqueIdentifier>{a80e3dd2-0ad4-499b-971e-88b53648a22d}</UniqueIdentifier>
    </Filter>
    <Filter Include="Actor\Object">
      <UniqueIdentifier>{aefd8041-2f37-42ab-9b47-da1ce3bd0160}</UniqueIdentifier>
    </Filter>
    <Filter Include="Sound">
      <UniqueIdentifier>{93181a84-a5f3-4453-97a3-d6b6e3eae83b}</UniqueIdentifier>
    </Filter>
    <Filter Include="Collision">
      <UniqueIdentifier>{75baf61a-0aab-4fe8-b17f-ba231ba62198}</UniqueIdentifier>
    </Filter>
    <Filter Include="Actor\Sphere">
      <UniqueIdentifier>{b2b8fbbd-0163-40af-afc2-89540c292352}</UniqueIdentifier>
    </Filter>
    <Filter Include="Core">
      <UniqueIdentifier>{eb62131d-937a-4b8a-bcd1-713e8e40a3c3}</UniqueIdentifier>
    </Filter>
    <Filter Include="UI">
      <UniqueIdentifier>{8e7c5978-108f-4d15-ada8-7e87159043dd}</UniqueIdentifier>
    </Filter>
    <Filter Include="Scene">
      <UniqueIdentifier>{b02ea780-1f91-4e97-bf0f-5b8c464c5cf2}</UniqueIdentifier>
    </Filter>
    <Filter Include="Effect">
      <UniqueIdentifier>{b701630f-582f-4a55-9507-4df0ec553829}</UniqueIdentifier>
    </Filter>
  </ItemGroup>
  <ItemGroup>
    <ClCompile Include="stdafx.cpp" />
    <ClCompile Include="main.cpp" />
    <ClCompile Include="system\system.cpp">
      <Filter>system</Filter>
    </ClCompile>
    <ClCompile Include="Stage.cpp" />
    <ClCompile Include="Actor\Actor.cpp">
      <Filter>Actor</Filter>
    </ClCompile>
    <ClCompile Include="Util\Transform.cpp">
      <Filter>Util</Filter>
    </ClCompile>
    <ClCompile Include="SphereInputSystem.cpp" />
    <ClCompile Include="SceneLoader\SceneLoader.cpp">
      <Filter>SceneLoader</Filter>
    </ClCompile>
    <ClCompile Include="SceneLoader\TransformHelper.cpp">
      <Filter>SceneLoader</Filter>
    </ClCompile>
    <ClCompile Include="Actor\Object\MovableObject.cpp">
      <Filter>Actor\Object</Filter>
    </ClCompile>
    <ClCompile Include="Actor\Object\StaticObject.cpp">
      <Filter>Actor\Object</Filter>
    </ClCompile>
    <ClCompile Include="Actor\Object\AttachableObject.cpp">
      <Filter>Actor\Object</Filter>
    </ClCompile>
    <ClCompile Include="Actor\Object\StageObjectBase.cpp">
      <Filter>Actor\Object</Filter>
    </ClCompile>
    <ClCompile Include="Collision\CollisionManager.cpp">
      <Filter>Collision</Filter>
    </ClCompile>
    <ClCompile Include="Sound\SoundManager.cpp">
      <Filter>Sound</Filter>
    </ClCompile>
    <ClCompile Include="Actor\Sphere\Player.cpp">
      <Filter>Actor\Sphere</Filter>
    </ClCompile>
    <ClCompile Include="Actor\Sphere\Sphere.cpp">
      <Filter>Actor\Sphere</Filter>
    </ClCompile>
    <ClCompile Include="Core\LateStageObjectUpdateManager.cpp">
      <Filter>Core</Filter>
    </ClCompile>
    <ClCompile Include="Core\InGameManager.cpp">
      <Filter>Core</Filter>
    </ClCompile>
    <ClCompile Include="UI\ObjectView.cpp">
      <Filter>UI</Filter>
    </ClCompile>
    <ClCompile Include="UI\SphereSizeText.cpp">
      <Filter>UI</Filter>
    </ClCompile>
    <ClCompile Include="UI\Timer.cpp">
      <Filter>UI</Filter>
    </ClCompile>
    <ClCompile Include="UI\BlackOverRay.cpp">
      <Filter>UI</Filter>
    </ClCompile>
    <ClCompile Include="UI\Canvas.cpp">
      <Filter>UI</Filter>
    </ClCompile>
    <ClCompile Include="Core\ParameterManager.cpp">
      <Filter>Core</Filter>
    </ClCompile>
    <ClCompile Include="Collision\Collision.cpp">
      <Filter>Collision</Filter>
    </ClCompile>
    <ClCompile Include="Core\GameUIManager.cpp">
      <Filter>Core</Filter>
    </ClCompile>
    <ClCompile Include="SphereCamera.cpp" />
    <ClCompile Include="Core\GameTimer.cpp">
      <Filter>Core</Filter>
    </ClCompile>
    <ClCompile Include="Core\Fade.cpp">
      <Filter>Core</Filter>
    </ClCompile>
    <ClCompile Include="UI\Util.cpp">
      <Filter>UI</Filter>
    </ClCompile>
    <ClCompile Include="Util\Util.cpp">
      <Filter>Util</Filter>
    </ClCompile>
    <ClCompile Include="Scene\GameScene.cpp">
      <Filter>Scene</Filter>
    </ClCompile>
    <ClCompile Include="Scene\IScene.cpp">
      <Filter>Scene</Filter>
    </ClCompile>
    <ClCompile Include="Scene\ResultScene.cpp">
      <Filter>Scene</Filter>
    </ClCompile>
    <ClCompile Include="Scene\SceneManager.cpp">
      <Filter>Scene</Filter>
    </ClCompile>
    <ClCompile Include="Scene\TitleScene.cpp">
      <Filter>Scene</Filter>
    </ClCompile>
    <ClCompile Include="Util\MessageText.cpp">
      <Filter>Util</Filter>
    </ClCompile>
    <ClCompile Include="Effect\GameEffectManager.cpp">
      <Filter>Effect</Filter>
    </ClCompile>
    <ClCompile Include="Util\InputDetection.cpp">
      <Filter>Util</Filter>
    </ClCompile>
    <ClCompile Include="UI\UIBase.cpp">
      <Filter>UI</Filter>
    </ClCompile>
    <ClCompile Include="UI\UIAnimation.cpp">
      <Filter>UI</Filter>
    </ClCompile>
    <ClCompile Include="Util\Curve.cpp">
      <Filter>Util</Filter>
    </ClCompile>
  </ItemGroup>
  <ItemGroup>
    <ClInclude Include="stdafx.h" />
    <ClInclude Include="system\system.h">
      <Filter>system</Filter>
    </ClInclude>
    <ClInclude Include="Stage.h" />
    <ClInclude Include="Actor\Actor.h">
      <Filter>Actor</Filter>
    </ClInclude>
    <ClInclude Include="Util\Transform.h">
      <Filter>Util</Filter>
    </ClInclude>
    <ClInclude Include="SphereInputSystem.h" />
    <ClInclude Include="Json\json.hpp">
      <Filter>Json</Filter>
    </ClInclude>
    <ClInclude Include="SceneLoader\SceneLoader.h">
      <Filter>SceneLoader</Filter>
    </ClInclude>
    <ClInclude Include="SceneLoader\TransformHelper.h">
      <Filter>SceneLoader</Filter>
    </ClInclude>
    <ClInclude Include="Actor\Object\AttachableObject.h">
      <Filter>Actor\Object</Filter>
    </ClInclude>
    <ClInclude Include="Actor\Object\MovableObject.h">
      <Filter>Actor\Object</Filter>
    </ClInclude>
    <ClInclude Include="Actor\Object\StaticObject.h">
      <Filter>Actor\Object</Filter>
    </ClInclude>
    <ClInclude Include="Actor\Object\StageObjectBase.h">
      <Filter>Actor\Object</Filter>
    </ClInclude>
    <ClInclude Include="Sound\Types.h">
      <Filter>Sound</Filter>
    </ClInclude>
    <ClInclude Include="Collision\CollisionManager.h">
      <Filter>Collision</Filter>
    </ClInclude>
    <ClInclude Include="Sound\SoundManager.h">
      <Filter>Sound</Filter>
    </ClInclude>
    <ClInclude Include="Actor\Sphere\Player.h">
      <Filter>Actor\Sphere</Filter>
    </ClInclude>
    <ClInclude Include="Core\LateStageObjectUpdateManager.h">
      <Filter>Core</Filter>
    </ClInclude>
    <ClInclude Include="Core\InGameManager.h">
      <Filter>Core</Filter>
    </ClInclude>
    <ClInclude Include="Types.h" />
    <ClInclude Include="UI\ObjectView.h">
      <Filter>UI</Filter>
    </ClInclude>
    <ClInclude Include="UI\SphereSizeText.h">
      <Filter>UI</Filter>
    </ClInclude>
    <ClInclude Include="UI\Timer.h">
      <Filter>UI</Filter>
    </ClInclude>
    <ClInclude Include="UI\BlackOverRay.h">
      <Filter>UI</Filter>
    </ClInclude>
    <ClInclude Include="UI\Canvas.h">
      <Filter>UI</Filter>
    </ClInclude>
    <ClInclude Include="Actor\Sphere\Sphere.h">
      <Filter>Actor\Sphere</Filter>
    </ClInclude>
    <ClInclude Include="Core\ParameterManager.h">
      <Filter>Core</Filter>
    </ClInclude>
    <ClInclude Include="Util\Crc32.h">
      <Filter>Util</Filter>
    </ClInclude>
    <ClInclude Include="Collision\Collision.h">
      <Filter>Collision</Filter>
    </ClInclude>
    <ClInclude Include="Core\GameUIManager.h">
      <Filter>Core</Filter>
    </ClInclude>
    <ClInclude Include="SphereCamera.h" />
    <ClInclude Include="Core\GameTimer.h">
      <Filter>Core</Filter>
    </ClInclude>
    <ClInclude Include="Core\Fade.h">
      <Filter>Core</Filter>
    </ClInclude>
    <ClInclude Include="UI\Util.h">
      <Filter>UI</Filter>
    </ClInclude>
    <ClInclude Include="Util\Util.h">
      <Filter>Util</Filter>
    </ClInclude>
    <ClInclude Include="Scene\GameScene.h">
      <Filter>Scene</Filter>
    </ClInclude>
    <ClInclude Include="Scene\IScene.h">
      <Filter>Scene</Filter>
    </ClInclude>
    <ClInclude Include="Scene\ResultScene.h">
      <Filter>Scene</Filter>
    </ClInclude>
    <ClInclude Include="Scene\SceneManager.h">
      <Filter>Scene</Filter>
    </ClInclude>
    <ClInclude Include="Scene\TitleScene.h">
      <Filter>Scene</Filter>
    </ClInclude>
    <ClInclude Include="Util\MessageText.h">
      <Filter>Util</Filter>
    </ClInclude>
    <ClInclude Include="Effect\Types.h">
      <Filter>Effect</Filter>
    </ClInclude>
    <ClInclude Include="Effect\GameEffectManager.h">
      <Filter>Effect</Filter>
    </ClInclude>
    <ClInclude Include="Util\InputDetection.h">
      <Filter>Util</Filter>
    </ClInclude>
    <ClInclude Include="UI\UIBase.h">
      <Filter>UI</Filter>
    </ClInclude>
    <ClInclude Include="UI\UIAnimation.h">
      <Filter>UI</Filter>
    </ClInclude>
    <ClInclude Include="Util\Curve.h">
      <Filter>Util</Filter>
    </ClInclude>
  </ItemGroup>
</Project>